
Microsoft Visual Studio Solution File, Format Version 12.00
# Visual Studio Version 17
VisualStudioVersion = 17.8.34525.116
MinimumVisualStudioVersion = 10.0.40219.1
Project("{FAE04EC0-301F-11D3-BF4B-00C04F79EFBC}") = "ExpressNewaBlobResize", "ExpressNewaBlobResize.csproj", "{57926A8A-2C93-4021-847E-42A60188199A}"
EndProject
Global
	GlobalSection(SolutionConfigurationPlatforms) = preSolution
		Debug|Any CPU = Debug|Any CPU
		Release|Any CPU = Release|Any CPU
	EndGlobalSection
	GlobalSection(ProjectConfigurationPlatforms) = postSolution
		{57926A8A-2C93-4021-847E-42A60188199A}.Debug|Any CPU.ActiveCfg = Debug|Any CPU
		{57926A8A-2C93-4021-847E-42A60188199A}.Debug|Any CPU.Build.0 = Debug|Any CPU
		{57926A8A-2C93-4021-847E-42A60188199A}.Release|Any CPU.ActiveCfg = Release|Any CPU
		{57926A8A-2C93-4021-847E-42A60188199A}.Release|Any CPU.Build.0 = Release|Any CPU
	EndGlobalSection
	GlobalSection(SolutionProperties) = preSolution
		HideSolutionNode = FALSE
	EndGlobalSection
	GlobalSection(ExtensibilityGlobals) = postSolution
		SolutionGuid = {57210DEF-8D3E-4A24-9CEB-A223CA43A018}
	EndGlobalSection
EndGlobal
